
Microsoft Visual Studio Solution File, Format Version 12.00
# Visual Studio Version 16
VisualStudioVersion = 16.0.30204.135
MinimumVisualStudioVersion = 10.0.40219.1
Project("{FAE04EC0-301F-11D3-BF4B-00C04F79EFBC}") = "BarsEv", "BarsEv.csproj", "{2E845E3E-59DF-4480-A4C0-5920880F15EF}"
EndProject
Global
	GlobalSection(SolutionConfigurationPlatforms) = preSolution
		Debug|Any CPU = Debug|Any CPU
		Release|Any CPU = Release|Any CPU
	EndGlobalSection
	GlobalSection(ProjectConfigurationPlatforms) = postSolution
		{2E845E3E-59DF-4480-A4C0-5920880F15EF}.Debug|Any CPU.ActiveCfg = Debug|Any CPU
		{2E845E3E-59DF-4480-A4C0-5920880F15EF}.Debug|Any CPU.Build.0 = Debug|Any CPU
		{2E845E3E-59DF-4480-A4C0-5920880F15EF}.Release|Any CPU.ActiveCfg = Release|Any CPU
		{2E845E3E-59DF-4480-A4C0-5920880F15EF}.Release|Any CPU.Build.0 = Release|Any CPU
	EndGlobalSection
	GlobalSection(SolutionProperties) = preSolution
		HideSolutionNode = FALSE
	EndGlobalSection
	GlobalSection(ExtensibilityGlobals) = postSolution
		SolutionGuid = {6CA82478-FBBB-4B6C-BE6E-BC081892EA24}
	EndGlobalSection
EndGlobal
